// !$*UTF8*$!
{
	archiveVersion = 1;
	classes = {
	};
	objectVersion = 55;
	objects = {

/* Begin PBXBuildFile section */
		3E91F241CED462AECD1836B2 /* Pods_DailyMomsRecipe.framework in Frameworks */ = {isa = PBXBuildFile; fileRef = 02926D9D819433D8F9A917C7 /* Pods_DailyMomsRecipe.framework */; };
		4A32C37728080DF800629049 /* HomeViewController.swift in Sources */ = {isa = PBXBuildFile; fileRef = 4A32C37528080DF800629049 /* HomeViewController.swift */; };
		4A32C37828080DF800629049 /* HomeViewController.xib in Resources */ = {isa = PBXBuildFile; fileRef = 4A32C37628080DF800629049 /* HomeViewController.xib */; };
		4A59217D2807FD9200C4B98B /* AppDelegate.swift in Sources */ = {isa = PBXBuildFile; fileRef = 4A59217C2807FD9200C4B98B /* AppDelegate.swift */; };
		4A59217F2807FD9200C4B98B /* SceneDelegate.swift in Sources */ = {isa = PBXBuildFile; fileRef = 4A59217E2807FD9200C4B98B /* SceneDelegate.swift */; };
		4A5921862807FD9400C4B98B /* Assets.xcassets in Resources */ = {isa = PBXBuildFile; fileRef = 4A5921852807FD9400C4B98B /* Assets.xcassets */; };
		4A5921892807FD9400C4B98B /* LaunchScreen.storyboard in Resources */ = {isa = PBXBuildFile; fileRef = 4A5921872807FD9400C4B98B /* LaunchScreen.storyboard */; };
		4A5921942807FD9400C4B98B /* DailyMomsRecipeTests.swift in Sources */ = {isa = PBXBuildFile; fileRef = 4A5921932807FD9400C4B98B /* DailyMomsRecipeTests.swift */; };
		4A59219E2807FD9400C4B98B /* DailyMomsRecipeUITests.swift in Sources */ = {isa = PBXBuildFile; fileRef = 4A59219D2807FD9400C4B98B /* DailyMomsRecipeUITests.swift */; };
		4A5921A02807FD9400C4B98B /* DailyMomsRecipeUITestsLaunchTests.swift in Sources */ = {isa = PBXBuildFile; fileRef = 4A59219F2807FD9400C4B98B /* DailyMomsRecipeUITestsLaunchTests.swift */; };
		4A7FB9FB280E9E3F009BD6E8 /* PopularItemCell.swift in Sources */ = {isa = PBXBuildFile; fileRef = 4A7FB9FA280E9E3F009BD6E8 /* PopularItemCell.swift */; };
		4A7FB9FD280EA013009BD6E8 /* ContentItemCell.swift in Sources */ = {isa = PBXBuildFile; fileRef = 4A7FB9FC280EA013009BD6E8 /* ContentItemCell.swift */; };
		4A7FB9FF280EA3B6009BD6E8 /* Models.swift in Sources */ = {isa = PBXBuildFile; fileRef = 4A7FB9FE280EA3B6009BD6E8 /* Models.swift */; };
		4A831B102817F14C003138B2 /* BaseEndPoint.swift in Sources */ = {isa = PBXBuildFile; fileRef = 4A831B0F2817F14C003138B2 /* BaseEndPoint.swift */; };
		4A831B122817F1FF003138B2 /* Const.swift in Sources */ = {isa = PBXBuildFile; fileRef = 4A831B112817F1FF003138B2 /* Const.swift */; };
		4A831B142817F2EF003138B2 /* BaseFactory.swift in Sources */ = {isa = PBXBuildFile; fileRef = 4A831B132817F2EF003138B2 /* BaseFactory.swift */; };
		4A831B162817F30C003138B2 /* BaseService.swift in Sources */ = {isa = PBXBuildFile; fileRef = 4A831B152817F30C003138B2 /* BaseService.swift */; };
		4A90AE7C281A594F0057A63E /* HomePresenter.swift in Sources */ = {isa = PBXBuildFile; fileRef = 4A90AE7B281A594F0057A63E /* HomePresenter.swift */; };
		4A90AE7E281A831C0057A63E /* Pokemin.swift in Sources */ = {isa = PBXBuildFile; fileRef = 4A90AE7D281A831C0057A63E /* Pokemin.swift */; };
		4ACC763B280FC83200D3FB78 /* HeaderView.swift in Sources */ = {isa = PBXBuildFile; fileRef = 4ACC763A280FC83200D3FB78 /* HeaderView.swift */; };
		4ACC763E280FCE7B00D3FB78 /* Extension.swift in Sources */ = {isa = PBXBuildFile; fileRef = 4ACC763D280FCE7B00D3FB78 /* Extension.swift */; };
		A77FD6F06CC7131A21ED08A3 /* Pods_DailyMomsRecipeTests.framework in Frameworks */ = {isa = PBXBuildFile; fileRef = A94E798E5B344BE6DFAF8D70 /* Pods_DailyMomsRecipeTests.framework */; };
		FF702A2B442340918BA83E98 /* Pods_DailyMomsRecipe_DailyMomsRecipeUITests.framework in Frameworks */ = {isa = PBXBuildFile; fileRef = 43FEDACD6C2533A263EF385E /* Pods_DailyMomsRecipe_DailyMomsRecipeUITests.framework */; };
/* End PBXBuildFile section */

/* Begin PBXContainerItemProxy section */
		4A5921902807FD9400C4B98B /* PBXContainerItemProxy */ = {
			isa = PBXContainerItemProxy;
			containerPortal = 4A5921712807FD9200C4B98B /* Project object */;
			proxyType = 1;
			remoteGlobalIDString = 4A5921782807FD9200C4B98B;
			remoteInfo = DailyMomsRecipe;
		};
		4A59219A2807FD9400C4B98B /* PBXContainerItemProxy */ = {
			isa = PBXContainerItemProxy;
			containerPortal = 4A5921712807FD9200C4B98B /* Project object */;
			proxyType = 1;
			remoteGlobalIDString = 4A5921782807FD9200C4B98B;
			remoteInfo = DailyMomsRecipe;
		};
/* End PBXContainerItemProxy section */

/* Begin PBXFileReference section */
		02926D9D819433D8F9A917C7 /* Pods_DailyMomsRecipe.framework */ = {isa = PBXFileReference; explicitFileType = wrapper.framework; includeInIndex = 0; path = Pods_DailyMomsRecipe.framework; sourceTree = BUILT_PRODUCTS_DIR; };
		13D5B1ABA3212861659A9A30 /* Pods-DailyMomsRecipe.release.xcconfig */ = {isa = PBXFileReference; includeInIndex = 1; lastKnownFileType = text.xcconfig; name = "Pods-DailyMomsRecipe.release.xcconfig"; path = "Target Support Files/Pods-DailyMomsRecipe/Pods-DailyMomsRecipe.release.xcconfig"; sourceTree = "<group>"; };
		23583AC4DAC51CC5949BE359 /* Pods-DailyMomsRecipeTests.release.xcconfig */ = {isa = PBXFileReference; includeInIndex = 1; lastKnownFileType = text.xcconfig; name = "Pods-DailyMomsRecipeTests.release.xcconfig"; path = "Target Support Files/Pods-DailyMomsRecipeTests/Pods-DailyMomsRecipeTests.release.xcconfig"; sourceTree = "<group>"; };
		249DF622B2671F4F79BE441D /* Pods-DailyMomsRecipeTests.debug.xcconfig */ = {isa = PBXFileReference; includeInIndex = 1; lastKnownFileType = text.xcconfig; name = "Pods-DailyMomsRecipeTests.debug.xcconfig"; path = "Target Support Files/Pods-DailyMomsRecipeTests/Pods-DailyMomsRecipeTests.debug.xcconfig"; sourceTree = "<group>"; };
		43FEDACD6C2533A263EF385E /* Pods_DailyMomsRecipe_DailyMomsRecipeUITests.framework */ = {isa = PBXFileReference; explicitFileType = wrapper.framework; includeInIndex = 0; path = Pods_DailyMomsRecipe_DailyMomsRecipeUITests.framework; sourceTree = BUILT_PRODUCTS_DIR; };
		4A32C37528080DF800629049 /* HomeViewController.swift */ = {isa = PBXFileReference; lastKnownFileType = sourcecode.swift; path = HomeViewController.swift; sourceTree = "<group>"; };
		4A32C37628080DF800629049 /* HomeViewController.xib */ = {isa = PBXFileReference; lastKnownFileType = file.xib; path = HomeViewController.xib; sourceTree = "<group>"; };
		4A5921792807FD9200C4B98B /* DailyMomsRecipe.app */ = {isa = PBXFileReference; explicitFileType = wrapper.application; includeInIndex = 0; path = DailyMomsRecipe.app; sourceTree = BUILT_PRODUCTS_DIR; };
		4A59217C2807FD9200C4B98B /* AppDelegate.swift */ = {isa = PBXFileReference; lastKnownFileType = sourcecode.swift; path = AppDelegate.swift; sourceTree = "<group>"; };
		4A59217E2807FD9200C4B98B /* SceneDelegate.swift */ = {isa = PBXFileReference; lastKnownFileType = sourcecode.swift; path = SceneDelegate.swift; sourceTree = "<group>"; };
		4A5921852807FD9400C4B98B /* Assets.xcassets */ = {isa = PBXFileReference; lastKnownFileType = folder.assetcatalog; path = Assets.xcassets; sourceTree = "<group>"; };
		4A5921882807FD9400C4B98B /* Base */ = {isa = PBXFileReference; lastKnownFileType = file.storyboard; name = Base; path = Base.lproj/LaunchScreen.storyboard; sourceTree = "<group>"; };
		4A59218A2807FD9400C4B98B /* Info.plist */ = {isa = PBXFileReference; lastKnownFileType = text.plist.xml; path = Info.plist; sourceTree = "<group>"; };
		4A59218F2807FD9400C4B98B /* DailyMomsRecipeTests.xctest */ = {isa = PBXFileReference; explicitFileType = wrapper.cfbundle; includeInIndex = 0; path = DailyMomsRecipeTests.xctest; sourceTree = BUILT_PRODUCTS_DIR; };
		4A5921932807FD9400C4B98B /* DailyMomsRecipeTests.swift */ = {isa = PBXFileReference; lastKnownFileType = sourcecode.swift; path = DailyMomsRecipeTests.swift; sourceTree = "<group>"; };
		4A5921992807FD9400C4B98B /* DailyMomsRecipeUITests.xctest */ = {isa = PBXFileReference; explicitFileType = wrapper.cfbundle; includeInIndex = 0; path = DailyMomsRecipeUITests.xctest; sourceTree = BUILT_PRODUCTS_DIR; };
		4A59219D2807FD9400C4B98B /* DailyMomsRecipeUITests.swift */ = {isa = PBXFileReference; lastKnownFileType = sourcecode.swift; path = DailyMomsRecipeUITests.swift; sourceTree = "<group>"; };
		4A59219F2807FD9400C4B98B /* DailyMomsRecipeUITestsLaunchTests.swift */ = {isa = PBXFileReference; lastKnownFileType = sourcecode.swift; path = DailyMomsRecipeUITestsLaunchTests.swift; sourceTree = "<group>"; };
		4A7FB9FA280E9E3F009BD6E8 /* PopularItemCell.swift */ = {isa = PBXFileReference; lastKnownFileType = sourcecode.swift; path = PopularItemCell.swift; sourceTree = "<group>"; };
		4A7FB9FC280EA013009BD6E8 /* ContentItemCell.swift */ = {isa = PBXFileReference; lastKnownFileType = sourcecode.swift; path = ContentItemCell.swift; sourceTree = "<group>"; };
		4A7FB9FE280EA3B6009BD6E8 /* Models.swift */ = {isa = PBXFileReference; lastKnownFileType = sourcecode.swift; path = Models.swift; sourceTree = "<group>"; };
		4A831B0F2817F14C003138B2 /* BaseEndPoint.swift */ = {isa = PBXFileReference; lastKnownFileType = sourcecode.swift; path = BaseEndPoint.swift; sourceTree = "<group>"; };
		4A831B112817F1FF003138B2 /* Const.swift */ = {isa = PBXFileReference; lastKnownFileType = sourcecode.swift; path = Const.swift; sourceTree = "<group>"; };
		4A831B132817F2EF003138B2 /* BaseFactory.swift */ = {isa = PBXFileReference; lastKnownFileType = sourcecode.swift; path = BaseFactory.swift; sourceTree = "<group>"; };
		4A831B152817F30C003138B2 /* BaseService.swift */ = {isa = PBXFileReference; lastKnownFileType = sourcecode.swift; path = BaseService.swift; sourceTree = "<group>"; };
		4A90AE7B281A594F0057A63E /* HomePresenter.swift */ = {isa = PBXFileReference; lastKnownFileType = sourcecode.swift; path = HomePresenter.swift; sourceTree = "<group>"; };
		4A90AE7D281A831C0057A63E /* Pokemin.swift */ = {isa = PBXFileReference; lastKnownFileType = sourcecode.swift; path = Pokemin.swift; sourceTree = "<group>"; };
		4ACC763A280FC83200D3FB78 /* HeaderView.swift */ = {isa = PBXFileReference; lastKnownFileType = sourcecode.swift; path = HeaderView.swift; sourceTree = "<group>"; };
		4ACC763D280FCE7B00D3FB78 /* Extension.swift */ = {isa = PBXFileReference; lastKnownFileType = sourcecode.swift; path = Extension.swift; sourceTree = "<group>"; };
		83B14BBDEDCE3CE287534EFC /* Pods-DailyMomsRecipe.debug.xcconfig */ = {isa = PBXFileReference; includeInIndex = 1; lastKnownFileType = text.xcconfig; name = "Pods-DailyMomsRecipe.debug.xcconfig"; path = "Target Support Files/Pods-DailyMomsRecipe/Pods-DailyMomsRecipe.debug.xcconfig"; sourceTree = "<group>"; };
		9052B4535FECA1AEE0B0FAB0 /* Pods-DailyMomsRecipe-DailyMomsRecipeUITests.debug.xcconfig */ = {isa = PBXFileReference; includeInIndex = 1; lastKnownFileType = text.xcconfig; name = "Pods-DailyMomsRecipe-DailyMomsRecipeUITests.debug.xcconfig"; path = "Target Support Files/Pods-DailyMomsRecipe-DailyMomsRecipeUITests/Pods-DailyMomsRecipe-DailyMomsRecipeUITests.debug.xcconfig"; sourceTree = "<group>"; };
		A94E798E5B344BE6DFAF8D70 /* Pods_DailyMomsRecipeTests.framework */ = {isa = PBXFileReference; explicitFileType = wrapper.framework; includeInIndex = 0; path = Pods_DailyMomsRecipeTests.framework; sourceTree = BUILT_PRODUCTS_DIR; };
		A9DA9EB9F947EAD42802B439 /* Pods-DailyMomsRecipe-DailyMomsRecipeUITests.release.xcconfig */ = {isa = PBXFileReference; includeInIndex = 1; lastKnownFileType = text.xcconfig; name = "Pods-DailyMomsRecipe-DailyMomsRecipeUITests.release.xcconfig"; path = "Target Support Files/Pods-DailyMomsRecipe-DailyMomsRecipeUITests/Pods-DailyMomsRecipe-DailyMomsRecipeUITests.release.xcconfig"; sourceTree = "<group>"; };
/* End PBXFileReference section */

/* Begin PBXFrameworksBuildPhase section */
		4A5921762807FD9200C4B98B /* Frameworks */ = {
			isa = PBXFrameworksBuildPhase;
			buildActionMask = 2147483647;
			files = (
				3E91F241CED462AECD1836B2 /* Pods_DailyMomsRecipe.framework in Frameworks */,
			);
			runOnlyForDeploymentPostprocessing = 0;
		};
		4A59218C2807FD9400C4B98B /* Frameworks */ = {
			isa = PBXFrameworksBuildPhase;
			buildActionMask = 2147483647;
			files = (
				A77FD6F06CC7131A21ED08A3 /* Pods_DailyMomsRecipeTests.framework in Frameworks */,
			);
			runOnlyForDeploymentPostprocessing = 0;
		};
		4A5921962807FD9400C4B98B /* Frameworks */ = {
			isa = PBXFrameworksBuildPhase;
			buildActionMask = 2147483647;
			files = (
				FF702A2B442340918BA83E98 /* Pods_DailyMomsRecipe_DailyMomsRecipeUITests.framework in Frameworks */,
			);
			runOnlyForDeploymentPostprocessing = 0;
		};
/* End PBXFrameworksBuildPhase section */

/* Begin PBXGroup section */
		4A32C37228080D9F00629049 /* App */ = {
			isa = PBXGroup;
			children = (
				4A59217C2807FD9200C4B98B /* AppDelegate.swift */,
				4A59217E2807FD9200C4B98B /* SceneDelegate.swift */,
			);
			path = App;
			sourceTree = "<group>";
		};
		4A32C37328080DC800629049 /* Feature */ = {
			isa = PBXGroup;
			children = (
				4A32C37428080DD000629049 /* Home */,
			);
			path = Feature;
			sourceTree = "<group>";
		};
		4A32C37428080DD000629049 /* Home */ = {
			isa = PBXGroup;
			children = (
				4A831B0D2817CCBB003138B2 /* View */,
				4A7FB9FE280EA3B6009BD6E8 /* Models.swift */,
			);
			path = Home;
			sourceTree = "<group>";
		};
		4A5921702807FD9200C4B98B = {
			isa = PBXGroup;
			children = (
				4A59217B2807FD9200C4B98B /* DailyMomsRecipe */,
				4A5921922807FD9400C4B98B /* DailyMomsRecipeTests */,
				4A59219C2807FD9400C4B98B /* DailyMomsRecipeUITests */,
				4A59217A2807FD9200C4B98B /* Products */,
				AA6059B4BC6CD43FE337CF65 /* Pods */,
				8A603D25E69C6053CC60DD24 /* Frameworks */,
			);
			sourceTree = "<group>";
		};
		4A59217A2807FD9200C4B98B /* Products */ = {
			isa = PBXGroup;
			children = (
				4A5921792807FD9200C4B98B /* DailyMomsRecipe.app */,
				4A59218F2807FD9400C4B98B /* DailyMomsRecipeTests.xctest */,
				4A5921992807FD9400C4B98B /* DailyMomsRecipeUITests.xctest */,
			);
			name = Products;
			sourceTree = "<group>";
		};
		4A59217B2807FD9200C4B98B /* DailyMomsRecipe */ = {
			isa = PBXGroup;
			children = (
				4ACC763C280FCE6400D3FB78 /* Shared */,
				4A32C37328080DC800629049 /* Feature */,
				4A32C37228080D9F00629049 /* App */,
				4A5921852807FD9400C4B98B /* Assets.xcassets */,
				4A5921872807FD9400C4B98B /* LaunchScreen.storyboard */,
				4A59218A2807FD9400C4B98B /* Info.plist */,
			);
			path = DailyMomsRecipe;
			sourceTree = "<group>";
		};
		4A5921922807FD9400C4B98B /* DailyMomsRecipeTests */ = {
			isa = PBXGroup;
			children = (
				4A5921932807FD9400C4B98B /* DailyMomsRecipeTests.swift */,
			);
			path = DailyMomsRecipeTests;
			sourceTree = "<group>";
		};
		4A59219C2807FD9400C4B98B /* DailyMomsRecipeUITests */ = {
			isa = PBXGroup;
			children = (
				4A59219D2807FD9400C4B98B /* DailyMomsRecipeUITests.swift */,
				4A59219F2807FD9400C4B98B /* DailyMomsRecipeUITestsLaunchTests.swift */,
			);
			path = DailyMomsRecipeUITests;
			sourceTree = "<group>";
		};
		4A831B0D2817CCBB003138B2 /* View */ = {
			isa = PBXGroup;
			children = (
				4A32C37528080DF800629049 /* HomeViewController.swift */,
				4A32C37628080DF800629049 /* HomeViewController.xib */,
				4A7FB9FA280E9E3F009BD6E8 /* PopularItemCell.swift */,
				4A7FB9FC280EA013009BD6E8 /* ContentItemCell.swift */,
				4ACC763A280FC83200D3FB78 /* HeaderView.swift */,
				4A90AE7B281A594F0057A63E /* HomePresenter.swift */,
				4A90AE7D281A831C0057A63E /* Pokemin.swift */,
			);
			path = View;
			sourceTree = "<group>";
		};
		4A831B0E2817CD26003138B2 /* Network */ = {
			isa = PBXGroup;
			children = (
				4A831B0F2817F14C003138B2 /* BaseEndPoint.swift */,
				4A831B132817F2EF003138B2 /* BaseFactory.swift */,
				4A831B152817F30C003138B2 /* BaseService.swift */,
			);
			path = Network;
			sourceTree = "<group>";
		};
		4ACC763C280FCE6400D3FB78 /* Shared */ = {
			isa = PBXGroup;
			children = (
				4A831B0E2817CD26003138B2 /* Network */,
				4ACC763D280FCE7B00D3FB78 /* Extension.swift */,
				4A831B112817F1FF003138B2 /* Const.swift */,
			);
			path = Shared;
			sourceTree = "<group>";
		};
		8A603D25E69C6053CC60DD24 /* Frameworks */ = {
			isa = PBXGroup;
			children = (
				02926D9D819433D8F9A917C7 /* Pods_DailyMomsRecipe.framework */,
				43FEDACD6C2533A263EF385E /* Pods_DailyMomsRecipe_DailyMomsRecipeUITests.framework */,
				A94E798E5B344BE6DFAF8D70 /* Pods_DailyMomsRecipeTests.framework */,
			);
			name = Frameworks;
			sourceTree = "<group>";
		};
		AA6059B4BC6CD43FE337CF65 /* Pods */ = {
			isa = PBXGroup;
			children = (
				83B14BBDEDCE3CE287534EFC /* Pods-DailyMomsRecipe.debug.xcconfig */,
				13D5B1ABA3212861659A9A30 /* Pods-DailyMomsRecipe.release.xcconfig */,
				9052B4535FECA1AEE0B0FAB0 /* Pods-DailyMomsRecipe-DailyMomsRecipeUITests.debug.xcconfig */,
				A9DA9EB9F947EAD42802B439 /* Pods-DailyMomsRecipe-DailyMomsRecipeUITests.release.xcconfig */,
				249DF622B2671F4F79BE441D /* Pods-DailyMomsRecipeTests.debug.xcconfig */,
				23583AC4DAC51CC5949BE359 /* Pods-DailyMomsRecipeTests.release.xcconfig */,
			);
			path = Pods;
			sourceTree = "<group>";
		};
/* End PBXGroup section */

/* Begin PBXNativeTarget section */
		4A5921782807FD9200C4B98B /* DailyMomsRecipe */ = {
			isa = PBXNativeTarget;
			buildConfigurationList = 4A5921A32807FD9400C4B98B /* Build configuration list for PBXNativeTarget "DailyMomsRecipe" */;
			buildPhases = (
				215ADF06298EF7343FB4193B /* [CP] Check Pods Manifest.lock */,
				4A5921752807FD9200C4B98B /* Sources */,
				4A5921762807FD9200C4B98B /* Frameworks */,
				4A5921772807FD9200C4B98B /* Resources */,
				D58BCD8241974FDC9A88F16A /* [CP] Embed Pods Frameworks */,
			);
			buildRules = (
			);
			dependencies = (
			);
			name = DailyMomsRecipe;
			productName = DailyMomsRecipe;
			productReference = 4A5921792807FD9200C4B98B /* DailyMomsRecipe.app */;
			productType = "com.apple.product-type.application";
		};
		4A59218E2807FD9400C4B98B /* DailyMomsRecipeTests */ = {
			isa = PBXNativeTarget;
			buildConfigurationList = 4A5921A62807FD9400C4B98B /* Build configuration list for PBXNativeTarget "DailyMomsRecipeTests" */;
			buildPhases = (
				2114F9483AE6A6051F3F1454 /* [CP] Check Pods Manifest.lock */,
				4A59218B2807FD9400C4B98B /* Sources */,
				4A59218C2807FD9400C4B98B /* Frameworks */,
				4A59218D2807FD9400C4B98B /* Resources */,
			);
			buildRules = (
			);
			dependencies = (
				4A5921912807FD9400C4B98B /* PBXTargetDependency */,
			);
			name = DailyMomsRecipeTests;
			productName = DailyMomsRecipeTests;
			productReference = 4A59218F2807FD9400C4B98B /* DailyMomsRecipeTests.xctest */;
			productType = "com.apple.product-type.bundle.unit-test";
		};
		4A5921982807FD9400C4B98B /* DailyMomsRecipeUITests */ = {
			isa = PBXNativeTarget;
			buildConfigurationList = 4A5921A92807FD9400C4B98B /* Build configuration list for PBXNativeTarget "DailyMomsRecipeUITests" */;
			buildPhases = (
				F7E4CC29966525585BAEC805 /* [CP] Check Pods Manifest.lock */,
				4A5921952807FD9400C4B98B /* Sources */,
				4A5921962807FD9400C4B98B /* Frameworks */,
				4A5921972807FD9400C4B98B /* Resources */,
				FE7A4684DE12A7861BBECD6A /* [CP] Embed Pods Frameworks */,
			);
			buildRules = (
			);
			dependencies = (
				4A59219B2807FD9400C4B98B /* PBXTargetDependency */,
			);
			name = DailyMomsRecipeUITests;
			productName = DailyMomsRecipeUITests;
			productReference = 4A5921992807FD9400C4B98B /* DailyMomsRecipeUITests.xctest */;
			productType = "com.apple.product-type.bundle.ui-testing";
		};
/* End PBXNativeTarget section */

/* Begin PBXProject section */
		4A5921712807FD9200C4B98B /* Project object */ = {
			isa = PBXProject;
			attributes = {
				BuildIndependentTargetsInParallel = 1;
				LastSwiftUpdateCheck = 1300;
				LastUpgradeCheck = 1300;
				TargetAttributes = {
					4A5921782807FD9200C4B98B = {
						CreatedOnToolsVersion = 13.0;
					};
					4A59218E2807FD9400C4B98B = {
						CreatedOnToolsVersion = 13.0;
						TestTargetID = 4A5921782807FD9200C4B98B;
					};
					4A5921982807FD9400C4B98B = {
						CreatedOnToolsVersion = 13.0;
						TestTargetID = 4A5921782807FD9200C4B98B;
					};
				};
			};
			buildConfigurationList = 4A5921742807FD9200C4B98B /* Build configuration list for PBXProject "DailyMomsRecipe" */;
			compatibilityVersion = "Xcode 13.0";
			developmentRegion = en;
			hasScannedForEncodings = 0;
			knownRegions = (
				en,
				Base,
			);
			mainGroup = 4A5921702807FD9200C4B98B;
			productRefGroup = 4A59217A2807FD9200C4B98B /* Products */;
			projectDirPath = "";
			projectRoot = "";
			targets = (
				4A5921782807FD9200C4B98B /* DailyMomsRecipe */,
				4A59218E2807FD9400C4B98B /* DailyMomsRecipeTests */,
				4A5921982807FD9400C4B98B /* DailyMomsRecipeUITests */,
			);
		};
/* End PBXProject section */

/* Begin PBXResourcesBuildPhase section */
		4A5921772807FD9200C4B98B /* Resources */ = {
			isa = PBXResourcesBuildPhase;
			buildActionMask = 2147483647;
			files = (
				4A5921892807FD9400C4B98B /* LaunchScreen.storyboard in Resources */,
				4A5921862807FD9400C4B98B /* Assets.xcassets in Resources */,
				4A32C37828080DF800629049 /* HomeViewController.xib in Resources */,
			);
			runOnlyForDeploymentPostprocessing = 0;
		};
		4A59218D2807FD9400C4B98B /* Resources */ = {
			isa = PBXResourcesBuildPhase;
			buildActionMask = 2147483647;
			files = (
			);
			runOnlyForDeploymentPostprocessing = 0;
		};
		4A5921972807FD9400C4B98B /* Resources */ = {
			isa = PBXResourcesBuildPhase;
			buildActionMask = 2147483647;
			files = (
			);
			runOnlyForDeploymentPostprocessing = 0;
		};
/* End PBXResourcesBuildPhase section */

/* Begin PBXShellScriptBuildPhase section */
		2114F9483AE6A6051F3F1454 /* [CP] Check Pods Manifest.lock */ = {
			isa = PBXShellScriptBuildPhase;
			buildActionMask = 2147483647;
			files = (
			);
			inputFileListPaths = (
			);
			inputPaths = (
				"${PODS_PODFILE_DIR_PATH}/Podfile.lock",
				"${PODS_ROOT}/Manifest.lock",
			);
			name = "[CP] Check Pods Manifest.lock";
			outputFileListPaths = (
			);
			outputPaths = (
				"$(DERIVED_FILE_DIR)/Pods-DailyMomsRecipeTests-checkManifestLockResult.txt",
			);
			runOnlyForDeploymentPostprocessing = 0;
			shellPath = /bin/sh;
			shellScript = "diff \"${PODS_PODFILE_DIR_PATH}/Podfile.lock\" \"${PODS_ROOT}/Manifest.lock\" > /dev/null\nif [ $? != 0 ] ; then\n    # print error to STDERR\n    echo \"error: The sandbox is not in sync with the Podfile.lock. Run 'pod install' or update your CocoaPods installation.\" >&2\n    exit 1\nfi\n# This output is used by Xcode 'outputs' to avoid re-running this script phase.\necho \"SUCCESS\" > \"${SCRIPT_OUTPUT_FILE_0}\"\n";
			showEnvVarsInLog = 0;
		};
		215ADF06298EF7343FB4193B /* [CP] Check Pods Manifest.lock */ = {
			isa = PBXShellScriptBuildPhase;
			buildActionMask = 2147483647;
			files = (
			);
			inputFileListPaths = (
			);
			inputPaths = (
				"${PODS_PODFILE_DIR_PATH}/Podfile.lock",
				"${PODS_ROOT}/Manifest.lock",
			);
			name = "[CP] Check Pods Manifest.lock";
			outputFileListPaths = (
			);
			outputPaths = (
				"$(DERIVED_FILE_DIR)/Pods-DailyMomsRecipe-checkManifestLockResult.txt",
			);
			runOnlyForDeploymentPostprocessing = 0;
			shellPath = /bin/sh;
			shellScript = "diff \"${PODS_PODFILE_DIR_PATH}/Podfile.lock\" \"${PODS_ROOT}/Manifest.lock\" > /dev/null\nif [ $? != 0 ] ; then\n    # print error to STDERR\n    echo \"error: The sandbox is not in sync with the Podfile.lock. Run 'pod install' or update your CocoaPods installation.\" >&2\n    exit 1\nfi\n# This output is used by Xcode 'outputs' to avoid re-running this script phase.\necho \"SUCCESS\" > \"${SCRIPT_OUTPUT_FILE_0}\"\n";
			showEnvVarsInLog = 0;
		};
		D58BCD8241974FDC9A88F16A /* [CP] Embed Pods Frameworks */ = {
			isa = PBXShellScriptBuildPhase;
			buildActionMask = 2147483647;
			files = (
			);
			inputFileListPaths = (
				"${PODS_ROOT}/Target Support Files/Pods-DailyMomsRecipe/Pods-DailyMomsRecipe-frameworks-${CONFIGURATION}-input-files.xcfilelist",
			);
			name = "[CP] Embed Pods Frameworks";
			outputFileListPaths = (
				"${PODS_ROOT}/Target Support Files/Pods-DailyMomsRecipe/Pods-DailyMomsRecipe-frameworks-${CONFIGURATION}-output-files.xcfilelist",
			);
			runOnlyForDeploymentPostprocessing = 0;
			shellPath = /bin/sh;
			shellScript = "\"${PODS_ROOT}/Target Support Files/Pods-DailyMomsRecipe/Pods-DailyMomsRecipe-frameworks.sh\"\n";
			showEnvVarsInLog = 0;
		};
		F7E4CC29966525585BAEC805 /* [CP] Check Pods Manifest.lock */ = {
			isa = PBXShellScriptBuildPhase;
			buildActionMask = 2147483647;
			files = (
			);
			inputFileListPaths = (
			);
			inputPaths = (
				"${PODS_PODFILE_DIR_PATH}/Podfile.lock",
				"${PODS_ROOT}/Manifest.lock",
			);
			name = "[CP] Check Pods Manifest.lock";
			outputFileListPaths = (
			);
			outputPaths = (
				"$(DERIVED_FILE_DIR)/Pods-DailyMomsRecipe-DailyMomsRecipeUITests-checkManifestLockResult.txt",
			);
			runOnlyForDeploymentPostprocessing = 0;
			shellPath = /bin/sh;
			shellScript = "diff \"${PODS_PODFILE_DIR_PATH}/Podfile.lock\" \"${PODS_ROOT}/Manifest.lock\" > /dev/null\nif [ $? != 0 ] ; then\n    # print error to STDERR\n    echo \"error: The sandbox is not in sync with the Podfile.lock. Run 'pod install' or update your CocoaPods installation.\" >&2\n    exit 1\nfi\n# This output is used by Xcode 'outputs' to avoid re-running this script phase.\necho \"SUCCESS\" > \"${SCRIPT_OUTPUT_FILE_0}\"\n";
			showEnvVarsInLog = 0;
		};
		FE7A4684DE12A7861BBECD6A /* [CP] Embed Pods Frameworks */ = {
			isa = PBXShellScriptBuildPhase;
			buildActionMask = 2147483647;
			files = (
			);
			inputFileListPaths = (
				"${PODS_ROOT}/Target Support Files/Pods-DailyMomsRecipe-DailyMomsRecipeUITests/Pods-DailyMomsRecipe-DailyMomsRecipeUITests-frameworks-${CONFIGURATION}-input-files.xcfilelist",
			);
			name = "[CP] Embed Pods Frameworks";
			outputFileListPaths = (
				"${PODS_ROOT}/Target Support Files/Pods-DailyMomsRecipe-DailyMomsRecipeUITests/Pods-DailyMomsRecipe-DailyMomsRecipeUITests-frameworks-${CONFIGURATION}-output-files.xcfilelist",
			);
			runOnlyForDeploymentPostprocessing = 0;
			shellPath = /bin/sh;
			shellScript = "\"${PODS_ROOT}/Target Support Files/Pods-DailyMomsRecipe-DailyMomsRecipeUITests/Pods-DailyMomsRecipe-DailyMomsRecipeUITests-frameworks.sh\"\n";
			showEnvVarsInLog = 0;
		};
/* End PBXShellScriptBuildPhase section */

/* Begin PBXSourcesBuildPhase section */
		4A5921752807FD9200C4B98B /* Sources */ = {
			isa = PBXSourcesBuildPhase;
			buildActionMask = 2147483647;
			files = (
				4A59217D2807FD9200C4B98B /* AppDelegate.swift in Sources */,
				4A59217F2807FD9200C4B98B /* SceneDelegate.swift in Sources */,
				4A7FB9FD280EA013009BD6E8 /* ContentItemCell.swift in Sources */,
				4A831B142817F2EF003138B2 /* BaseFactory.swift in Sources */,
				4A7FB9FF280EA3B6009BD6E8 /* Models.swift in Sources */,
				4A90AE7E281A831C0057A63E /* Pokemin.swift in Sources */,
				4A7FB9FB280E9E3F009BD6E8 /* PopularItemCell.swift in Sources */,
				4A831B102817F14C003138B2 /* BaseEndPoint.swift in Sources */,
				4A32C37728080DF800629049 /* HomeViewController.swift in Sources */,
				4A831B162817F30C003138B2 /* BaseService.swift in Sources */,
				4A90AE7C281A594F0057A63E /* HomePresenter.swift in Sources */,
				4ACC763B280FC83200D3FB78 /* HeaderView.swift in Sources */,
				4ACC763E280FCE7B00D3FB78 /* Extension.swift in Sources */,
				4A831B122817F1FF003138B2 /* Const.swift in Sources */,
			);
			runOnlyForDeploymentPostprocessing = 0;
		};
		4A59218B2807FD9400C4B98B /* Sources */ = {
			isa = PBXSourcesBuildPhase;
			buildActionMask = 2147483647;
			files = (
				4A5921942807FD9400C4B98B /* DailyMomsRecipeTests.swift in Sources */,
			);
			runOnlyForDeploymentPostprocessing = 0;
		};
		4A5921952807FD9400C4B98B /* Sources */ = {
			isa = PBXSourcesBuildPhase;
			buildActionMask = 2147483647;
			files = (
				4A5921A02807FD9400C4B98B /* DailyMomsRecipeUITestsLaunchTests.swift in Sources */,
				4A59219E2807FD9400C4B98B /* DailyMomsRecipeUITests.swift in Sources */,
			);
			runOnlyForDeploymentPostprocessing = 0;
		};
/* End PBXSourcesBuildPhase section */

/* Begin PBXTargetDependency section */
		4A5921912807FD9400C4B98B /* PBXTargetDependency */ = {
			isa = PBXTargetDependency;
			target = 4A5921782807FD9200C4B98B /* DailyMomsRecipe */;
			targetProxy = 4A5921902807FD9400C4B98B /* PBXContainerItemProxy */;
		};
		4A59219B2807FD9400C4B98B /* PBXTargetDependency */ = {
			isa = PBXTargetDependency;
			target = 4A5921782807FD9200C4B98B /* DailyMomsRecipe */;
			targetProxy = 4A59219A2807FD9400C4B98B /* PBXContainerItemProxy */;
		};
/* End PBXTargetDependency section */

/* Begin PBXVariantGroup section */
		4A5921872807FD9400C4B98B /* LaunchScreen.storyboard */ = {
			isa = PBXVariantGroup;
			children = (
				4A5921882807FD9400C4B98B /* Base */,
			);
			name = LaunchScreen.storyboard;
			sourceTree = "<group>";
		};
/* End PBXVariantGroup section */

/* Begin XCBuildConfiguration section */
		4A5921A12807FD9400C4B98B /* Debug */ = {
			isa = XCBuildConfiguration;
			buildSettings = {
				ALWAYS_SEARCH_USER_PATHS = NO;
				CLANG_ANALYZER_NONNULL = YES;
				CLANG_ANALYZER_NUMBER_OBJECT_CONVERSION = YES_AGGRESSIVE;
				CLANG_CXX_LANGUAGE_STANDARD = "gnu++17";
				CLANG_CXX_LIBRARY = "libc++";
				CLANG_ENABLE_MODULES = YES;
				CLANG_ENABLE_OBJC_ARC = YES;
				CLANG_ENABLE_OBJC_WEAK = YES;
				CLANG_WARN_BLOCK_CAPTURE_AUTORELEASING = YES;
				CLANG_WARN_BOOL_CONVERSION = YES;
				CLANG_WARN_COMMA = YES;
				CLANG_WARN_CONSTANT_CONVERSION = YES;
				CLANG_WARN_DEPRECATED_OBJC_IMPLEMENTATIONS = YES;
				CLANG_WARN_DIRECT_OBJC_ISA_USAGE = YES_ERROR;
				CLANG_WARN_DOCUMENTATION_COMMENTS = YES;
				CLANG_WARN_EMPTY_BODY = YES;
				CLANG_WARN_ENUM_CONVERSION = YES;
				CLANG_WARN_INFINITE_RECURSION = YES;
				CLANG_WARN_INT_CONVERSION = YES;
				CLANG_WARN_NON_LITERAL_NULL_CONVERSION = YES;
				CLANG_WARN_OBJC_IMPLICIT_RETAIN_SELF = YES;
				CLANG_WARN_OBJC_LITERAL_CONVERSION = YES;
				CLANG_WARN_OBJC_ROOT_CLASS = YES_ERROR;
				CLANG_WARN_QUOTED_INCLUDE_IN_FRAMEWORK_HEADER = YES;
				CLANG_WARN_RANGE_LOOP_ANALYSIS = YES;
				CLANG_WARN_STRICT_PROTOTYPES = YES;
				CLANG_WARN_SUSPICIOUS_MOVE = YES;
				CLANG_WARN_UNGUARDED_AVAILABILITY = YES_AGGRESSIVE;
				CLANG_WARN_UNREACHABLE_CODE = YES;
				CLANG_WARN__DUPLICATE_METHOD_MATCH = YES;
				COPY_PHASE_STRIP = NO;
				DEBUG_INFORMATION_FORMAT = dwarf;
				ENABLE_STRICT_OBJC_MSGSEND = YES;
				ENABLE_TESTABILITY = YES;
				GCC_C_LANGUAGE_STANDARD = gnu11;
				GCC_DYNAMIC_NO_PIC = NO;
				GCC_NO_COMMON_BLOCKS = YES;
				GCC_OPTIMIZATION_LEVEL = 0;
				GCC_PREPROCESSOR_DEFINITIONS = (
					"DEBUG=1",
					"$(inherited)",
				);
				GCC_WARN_64_TO_32_BIT_CONVERSION = YES;
				GCC_WARN_ABOUT_RETURN_TYPE = YES_ERROR;
				GCC_WARN_UNDECLARED_SELECTOR = YES;
				GCC_WARN_UNINITIALIZED_AUTOS = YES_AGGRESSIVE;
				GCC_WARN_UNUSED_FUNCTION = YES;
				GCC_WARN_UNUSED_VARIABLE = YES;
				IPHONEOS_DEPLOYMENT_TARGET = 15.0;
				MTL_ENABLE_DEBUG_INFO = INCLUDE_SOURCE;
				MTL_FAST_MATH = YES;
				ONLY_ACTIVE_ARCH = YES;
				SDKROOT = iphoneos;
				SWIFT_ACTIVE_COMPILATION_CONDITIONS = DEBUG;
				SWIFT_OPTIMIZATION_LEVEL = "-Onone";
			};
			name = Debug;
		};
		4A5921A22807FD9400C4B98B /* Release */ = {
			isa = XCBuildConfiguration;
			buildSettings = {
				ALWAYS_SEARCH_USER_PATHS = NO;
				CLANG_ANALYZER_NONNULL = YES;
				CLANG_ANALYZER_NUMBER_OBJECT_CONVERSION = YES_AGGRESSIVE;
				CLANG_CXX_LANGUAGE_STANDARD = "gnu++17";
				CLANG_CXX_LIBRARY = "libc++";
				CLANG_ENABLE_MODULES = YES;
				CLANG_ENABLE_OBJC_ARC = YES;
				CLANG_ENABLE_OBJC_WEAK = YES;
				CLANG_WARN_BLOCK_CAPTURE_AUTORELEASING = YES;
				CLANG_WARN_BOOL_CONVERSION = YES;
				CLANG_WARN_COMMA = YES;
				CLANG_WARN_CONSTANT_CONVERSION = YES;
				CLANG_WARN_DEPRECATED_OBJC_IMPLEMENTATIONS = YES;
				CLANG_WARN_DIRECT_OBJC_ISA_USAGE = YES_ERROR;
				CLANG_WARN_DOCUMENTATION_COMMENTS = YES;
				CLANG_WARN_EMPTY_BODY = YES;
				CLANG_WARN_ENUM_CONVERSION = YES;
				CLANG_WARN_INFINITE_RECURSION = YES;
				CLANG_WARN_INT_CONVERSION = YES;
				CLANG_WARN_NON_LITERAL_NULL_CONVERSION = YES;
				CLANG_WARN_OBJC_IMPLICIT_RETAIN_SELF = YES;
				CLANG_WARN_OBJC_LITERAL_CONVERSION = YES;
				CLANG_WARN_OBJC_ROOT_CLASS = YES_ERROR;
				CLANG_WARN_QUOTED_INCLUDE_IN_FRAMEWORK_HEADER = YES;
				CLANG_WARN_RANGE_LOOP_ANALYSIS = YES;
				CLANG_WARN_STRICT_PROTOTYPES = YES;
				CLANG_WARN_SUSPICIOUS_MOVE = YES;
				CLANG_WARN_UNGUARDED_AVAILABILITY = YES_AGGRESSIVE;
				CLANG_WARN_UNREACHABLE_CODE = YES;
				CLANG_WARN__DUPLICATE_METHOD_MATCH = YES;
				COPY_PHASE_STRIP = NO;
				DEBUG_INFORMATION_FORMAT = "dwarf-with-dsym";
				ENABLE_NS_ASSERTIONS = NO;
				ENABLE_STRICT_OBJC_MSGSEND = YES;
				GCC_C_LANGUAGE_STANDARD = gnu11;
				GCC_NO_COMMON_BLOCKS = YES;
				GCC_WARN_64_TO_32_BIT_CONVERSION = YES;
				GCC_WARN_ABOUT_RETURN_TYPE = YES_ERROR;
				GCC_WARN_UNDECLARED_SELECTOR = YES;
				GCC_WARN_UNINITIALIZED_AUTOS = YES_AGGRESSIVE;
				GCC_WARN_UNUSED_FUNCTION = YES;
				GCC_WARN_UNUSED_VARIABLE = YES;
				IPHONEOS_DEPLOYMENT_TARGET = 15.0;
				MTL_ENABLE_DEBUG_INFO = NO;
				MTL_FAST_MATH = YES;
				SDKROOT = iphoneos;
				SWIFT_COMPILATION_MODE = wholemodule;
				SWIFT_OPTIMIZATION_LEVEL = "-O";
				VALIDATE_PRODUCT = YES;
			};
			name = Release;
		};
		4A5921A42807FD9400C4B98B /* Debug */ = {
			isa = XCBuildConfiguration;
			baseConfigurationReference = 83B14BBDEDCE3CE287534EFC /* Pods-DailyMomsRecipe.debug.xcconfig */;
			buildSettings = {
				ASSETCATALOG_COMPILER_APPICON_NAME = AppIcon;
				ASSETCATALOG_COMPILER_GLOBAL_ACCENT_COLOR_NAME = AccentColor;
				CODE_SIGN_STYLE = Automatic;
				CURRENT_PROJECT_VERSION = 1;
				DEVELOPMENT_TEAM = A3N6S5X86T;
				GENERATE_INFOPLIST_FILE = YES;
				INFOPLIST_FILE = DailyMomsRecipe/Info.plist;
				INFOPLIST_KEY_UIApplicationSupportsIndirectInputEvents = YES;
				INFOPLIST_KEY_UILaunchStoryboardName = LaunchScreen;
				INFOPLIST_KEY_UISupportedInterfaceOrientations_iPad = "UIInterfaceOrientationPortrait UIInterfaceOrientationPortraitUpsideDown UIInterfaceOrientationLandscapeLeft UIInterfaceOrientationLandscapeRight";
				INFOPLIST_KEY_UISupportedInterfaceOrientations_iPhone = "UIInterfaceOrientationPortrait UIInterfaceOrientationLandscapeLeft UIInterfaceOrientationLandscapeRight";
				IPHONEOS_DEPLOYMENT_TARGET = 15.0;
				LD_RUNPATH_SEARCH_PATHS = (
					"$(inherited)",
					"@executable_path/Frameworks",
				);
				MARKETING_VERSION = 1.0;
				PRODUCT_BUNDLE_IDENTIFIER = com.sun3dev.momsrecipe;
				PRODUCT_NAME = "$(TARGET_NAME)";
				SWIFT_EMIT_LOC_STRINGS = YES;
				SWIFT_VERSION = 5.0;
				TARGETED_DEVICE_FAMILY = 1;
			};
			name = Debug;
		};
		4A5921A52807FD9400C4B98B /* Release */ = {
			isa = XCBuildConfiguration;
			baseConfigurationReference = 13D5B1ABA3212861659A9A30 /* Pods-DailyMomsRecipe.release.xcconfig */;
			buildSettings = {
				ASSETCATALOG_COMPILER_APPICON_NAME = AppIcon;
				ASSETCATALOG_COMPILER_GLOBAL_ACCENT_COLOR_NAME = AccentColor;
				CODE_SIGN_STYLE = Automatic;
				CURRENT_PROJECT_VERSION = 1;
				DEVELOPMENT_TEAM = A3N6S5X86T;
				GENERATE_INFOPLIST_FILE = YES;
				INFOPLIST_FILE = DailyMomsRecipe/Info.plist;
				INFOPLIST_KEY_UIApplicationSupportsIndirectInputEvents = YES;
				INFOPLIST_KEY_UILaunchStoryboardName = LaunchScreen;
				INFOPLIST_KEY_UISupportedInterfaceOrientations_iPad = "UIInterfaceOrientationPortrait UIInterfaceOrientationPortraitUpsideDown UIInterfaceOrientationLandscapeLeft UIInterfaceOrientationLandscapeRight";
				INFOPLIST_KEY_UISupportedInterfaceOrientations_iPhone = "UIInterfaceOrientationPortrait UIInterfaceOrientationLandscapeLeft UIInterfaceOrientationLandscapeRight";
				IPHONEOS_DEPLOYMENT_TARGET = 15.0;
				LD_RUNPATH_SEARCH_PATHS = (
					"$(inherited)",
					"@executable_path/Frameworks",
				);
				MARKETING_VERSION = 1.0;
				PRODUCT_BUNDLE_IDENTIFIER = com.sun3dev.momsrecipe;
				PRODUCT_NAME = "$(TARGET_NAME)";
				SWIFT_EMIT_LOC_STRINGS = YES;
				SWIFT_VERSION = 5.0;
				TARGETED_DEVICE_FAMILY = 1;
			};
			name = Release;
		};
		4A5921A72807FD9400C4B98B /* Debug */ = {
			isa = XCBuildConfiguration;
			baseConfigurationReference = 249DF622B2671F4F79BE441D /* Pods-DailyMomsRecipeTests.debug.xcconfig */;
			buildSettings = {
				ALWAYS_EMBED_SWIFT_STANDARD_LIBRARIES = YES;
				BUNDLE_LOADER = "$(TEST_HOST)";
				CODE_SIGN_STYLE = Automatic;
				CURRENT_PROJECT_VERSION = 1;
				DEVELOPMENT_TEAM = A3N6S5X86T;
				GENERATE_INFOPLIST_FILE = YES;
				IPHONEOS_DEPLOYMENT_TARGET = 15.0;
				LD_RUNPATH_SEARCH_PATHS = (
					"$(inherited)",
					"@executable_path/Frameworks",
					"@loader_path/Frameworks",
				);
				MARKETING_VERSION = 1.0;
				PRODUCT_BUNDLE_IDENTIFIER = com.sun3dev.momsrecipe.DailyMomsRecipeTests;
				PRODUCT_NAME = "$(TARGET_NAME)";
				SWIFT_EMIT_LOC_STRINGS = NO;
				SWIFT_VERSION = 5.0;
				TARGETED_DEVICE_FAMILY = "1,2";
				TEST_HOST = "$(BUILT_PRODUCTS_DIR)/DailyMomsRecipe.app/DailyMomsRecipe";
			};
			name = Debug;
		};
		4A5921A82807FD9400C4B98B /* Release */ = {
			isa = XCBuildConfiguration;
			baseConfigurationReference = 23583AC4DAC51CC5949BE359 /* Pods-DailyMomsRecipeTests.release.xcconfig */;
			buildSettings = {
				ALWAYS_EMBED_SWIFT_STANDARD_LIBRARIES = YES;
				BUNDLE_LOADER = "$(TEST_HOST)";
				CODE_SIGN_STYLE = Automatic;
				CURRENT_PROJECT_VERSION = 1;
				DEVELOPMENT_TEAM = A3N6S5X86T;
				GENERATE_INFOPLIST_FILE = YES;
				IPHONEOS_DEPLOYMENT_TARGET = 15.0;
				LD_RUNPATH_SEARCH_PATHS = (
					"$(inherited)",
					"@executable_path/Frameworks",
					"@loader_path/Frameworks",
				);
				MARKETING_VERSION = 1.0;
				PRODUCT_BUNDLE_IDENTIFIER = com.sun3dev.momsrecipe.DailyMomsRecipeTests;
				PRODUCT_NAME = "$(TARGET_NAME)";
				SWIFT_EMIT_LOC_STRINGS = NO;
				SWIFT_VERSION = 5.0;
				TARGETED_DEVICE_FAMILY = "1,2";
				TEST_HOST = "$(BUILT_PRODUCTS_DIR)/DailyMomsRecipe.app/DailyMomsRecipe";
			};
			name = Release;
		};
		4A5921AA2807FD9400C4B98B /* Debug */ = {
			isa = XCBuildConfiguration;
			baseConfigurationReference = 9052B4535FECA1AEE0B0FAB0 /* Pods-DailyMomsRecipe-DailyMomsRecipeUITests.debug.xcconfig */;
			buildSettings = {
				ALWAYS_EMBED_SWIFT_STANDARD_LIBRARIES = YES;
				CODE_SIGN_STYLE = Automatic;
				CURRENT_PROJECT_VERSION = 1;
				DEVELOPMENT_TEAM = A3N6S5X86T;
				GENERATE_INFOPLIST_FILE = YES;
				LD_RUNPATH_SEARCH_PATHS = (
					"$(inherited)",
					"@executable_path/Frameworks",
					"@loader_path/Frameworks",
				);
				MARKETING_VERSION = 1.0;
				PRODUCT_BUNDLE_IDENTIFIER = com.sun3dev.momsrecipe.DailyMomsRecipeUITests;
				PRODUCT_NAME = "$(TARGET_NAME)";
				SWIFT_EMIT_LOC_STRINGS = NO;
				SWIFT_VERSION = 5.0;
				TARGETED_DEVICE_FAMILY = "1,2";
				TEST_TARGET_NAME = DailyMomsRecipe;
			};
			name = Debug;
		};
		4A5921AB2807FD9400C4B98B /* Release */ = {
			isa = XCBuildConfiguration;
			baseConfigurationReference = A9DA9EB9F947EAD42802B439 /* Pods-DailyMomsRecipe-DailyMomsRecipeUITests.release.xcconfig */;
			buildSettings = {
				ALWAYS_EMBED_SWIFT_STANDARD_LIBRARIES = YES;
				CODE_SIGN_STYLE = Automatic;
				CURRENT_PROJECT_VERSION = 1;
				DEVELOPMENT_TEAM = A3N6S5X86T;
				GENERATE_INFOPLIST_FILE = YES;
				LD_RUNPATH_SEARCH_PATHS = (
					"$(inherited)",
					"@executable_path/Frameworks",
					"@loader_path/Frameworks",
				);
				MARKETING_VERSION = 1.0;
				PRODUCT_BUNDLE_IDENTIFIER = com.sun3dev.momsrecipe.DailyMomsRecipeUITests;
				PRODUCT_NAME = "$(TARGET_NAME)";
				SWIFT_EMIT_LOC_STRINGS = NO;
				SWIFT_VERSION = 5.0;
				TARGETED_DEVICE_FAMILY = "1,2";
				TEST_TARGET_NAME = DailyMomsRecipe;
			};
			name = Release;
		};
/* End XCBuildConfiguration section */

/* Begin XCConfigurationList section */
		4A5921742807FD9200C4B98B /* Build configuration list for PBXProject "DailyMomsRecipe" */ = {
			isa = XCConfigurationList;
			buildConfigurations = (
				4A5921A12807FD9400C4B98B /* Debug */,
				4A5921A22807FD9400C4B98B /* Release */,
			);
			defaultConfigurationIsVisible = 0;
			defaultConfigurationName = Release;
		};
		4A5921A32807FD9400C4B98B /* Build configuration list for PBXNativeTarget "DailyMomsRecipe" */ = {
			isa = XCConfigurationList;
			buildConfigurations = (
				4A5921A42807FD9400C4B98B /* Debug */,
				4A5921A52807FD9400C4B98B /* Release */,
			);
			defaultConfigurationIsVisible = 0;
			defaultConfigurationName = Release;
		};
		4A5921A62807FD9400C4B98B /* Build configuration list for PBXNativeTarget "DailyMomsRecipeTests" */ = {
			isa = XCConfigurationList;
			buildConfigurations = (
				4A5921A72807FD9400C4B98B /* Debug */,
				4A5921A82807FD9400C4B98B /* Release */,
			);
			defaultConfigurationIsVisible = 0;
			defaultConfigurationName = Release;
		};
		4A5921A92807FD9400C4B98B /* Build configuration list for PBXNativeTarget "DailyMomsRecipeUITests" */ = {
			isa = XCConfigurationList;
			buildConfigurations = (
				4A5921AA2807FD9400C4B98B /* Debug */,
				4A5921AB2807FD9400C4B98B /* Release */,
			);
			defaultConfigurationIsVisible = 0;
			defaultConfigurationName = Release;
		};
/* End XCConfigurationList section */
	};
	rootObject = 4A5921712807FD9200C4B98B /* Project object */;
}
